
Microsoft Visual Studio Solution File, Format Version 12.00
# Visual Studio Version 16
VisualStudioVersion = 16.0.29709.97
MinimumVisualStudioVersion = 10.0.40219.1
Project("{9A19103F-16F7-4668-BE54-9A1E7A4F7556}") = "Server", "Server.csproj", "{98A2C17A-A418-41AA-99CF-98D27B2104B0}"
EndProject
Global
	GlobalSection(SolutionConfigurationPlatforms) = preSolution
		Debug|Any CPU = Debug|Any CPU
		Release|Any CPU = Release|Any CPU
	EndGlobalSection
	GlobalSection(ProjectConfigurationPlatforms) = postSolution
		{98A2C17A-A418-41AA-99CF-98D27B2104B0}.Debug|Any CPU.ActiveCfg = Debug|Any CPU
		{98A2C17A-A418-41AA-99CF-98D27B2104B0}.Debug|Any CPU.Build.0 = Debug|Any CPU
		{98A2C17A-A418-41AA-99CF-98D27B2104B0}.Release|Any CPU.ActiveCfg = Release|Any CPU
		{98A2C17A-A418-41AA-99CF-98D27B2104B0}.Release|Any CPU.Build.0 = Release|Any CPU
	EndGlobalSection
	GlobalSection(SolutionProperties) = preSolution
		HideSolutionNode = FALSE
	EndGlobalSection
	GlobalSection(ExtensibilityGlobals) = postSolution
		SolutionGuid = {26BEB93F-7F5B-4B0D-9B91-18FE1C2DAFD6}
	EndGlobalSection
EndGlobal
