
Microsoft Visual Studio Solution File, Format Version 12.00
# Visual Studio Version 16
VisualStudioVersion = 16.0.29519.87
MinimumVisualStudioVersion = 10.0.40219.1
Project("{FAE04EC0-301F-11D3-BF4B-00C04F79EFBC}") = "Scolarite", "Scolarite\Scolarite.csproj", "{6A07BA70-2A26-41D5-965B-1ABB1AEAA316}"
EndProject
Global
	GlobalSection(SolutionConfigurationPlatforms) = preSolution
		Debug|Any CPU = Debug|Any CPU
		Release|Any CPU = Release|Any CPU
	EndGlobalSection
	GlobalSection(ProjectConfigurationPlatforms) = postSolution
		{6A07BA70-2A26-41D5-965B-1ABB1AEAA316}.Debug|Any CPU.ActiveCfg = Debug|Any CPU
		{6A07BA70-2A26-41D5-965B-1ABB1AEAA316}.Debug|Any CPU.Build.0 = Debug|Any CPU
		{6A07BA70-2A26-41D5-965B-1ABB1AEAA316}.Release|Any CPU.ActiveCfg = Release|Any CPU
		{6A07BA70-2A26-41D5-965B-1ABB1AEAA316}.Release|Any CPU.Build.0 = Release|Any CPU
	EndGlobalSection
	GlobalSection(SolutionProperties) = preSolution
		HideSolutionNode = FALSE
	EndGlobalSection
	GlobalSection(ExtensibilityGlobals) = postSolution
		SolutionGuid = {66103128-A506-410E-A8BF-B2600DE54095}
	EndGlobalSection
EndGlobal
