
Microsoft Visual Studio Solution File, Format Version 12.00
# Visual Studio Version 16
VisualStudioVersion = 16.0.29519.87
MinimumVisualStudioVersion = 10.0.40219.1
Project("{FAE04EC0-301F-11D3-BF4B-00C04F79EFBC}") = "ServeurAlimentation", "ServeurAlimentation\ServeurAlimentation.csproj", "{ECFBAC40-1D04-49C5-A5E0-59A7CA2273BA}"
EndProject
Global
	GlobalSection(SolutionConfigurationPlatforms) = preSolution
		Debug|Any CPU = Debug|Any CPU
		Release|Any CPU = Release|Any CPU
	EndGlobalSection
	GlobalSection(ProjectConfigurationPlatforms) = postSolution
		{ECFBAC40-1D04-49C5-A5E0-59A7CA2273BA}.Debug|Any CPU.ActiveCfg = Debug|Any CPU
		{ECFBAC40-1D04-49C5-A5E0-59A7CA2273BA}.Debug|Any CPU.Build.0 = Debug|Any CPU
		{ECFBAC40-1D04-49C5-A5E0-59A7CA2273BA}.Release|Any CPU.ActiveCfg = Release|Any CPU
		{ECFBAC40-1D04-49C5-A5E0-59A7CA2273BA}.Release|Any CPU.Build.0 = Release|Any CPU
	EndGlobalSection
	GlobalSection(SolutionProperties) = preSolution
		HideSolutionNode = FALSE
	EndGlobalSection
	GlobalSection(ExtensibilityGlobals) = postSolution
		SolutionGuid = {DE162FB9-2DE1-47BC-A0F8-475C70657E75}
	EndGlobalSection
EndGlobal
