
Microsoft Visual Studio Solution File, Format Version 12.00
# Visual Studio Version 16
VisualStudioVersion = 16.0.29709.97
MinimumVisualStudioVersion = 10.0.40219.1
Project("{9A19103F-16F7-4668-BE54-9A1E7A4F7556}") = "GroazApi", "GroazApi\GroazApi.csproj", "{2C6A63FF-520A-4EEF-A0E8-A253E5766CEF}"
EndProject
Project("{9A19103F-16F7-4668-BE54-9A1E7A4F7556}") = "Blazap", "Blazap\Blazap.csproj", "{43D6066F-D86C-4967-8AF3-76D9C5489B2E}"
EndProject
Global
	GlobalSection(SolutionConfigurationPlatforms) = preSolution
		Debug|Any CPU = Debug|Any CPU
		Release|Any CPU = Release|Any CPU
	EndGlobalSection
	GlobalSection(ProjectConfigurationPlatforms) = postSolution
		{2C6A63FF-520A-4EEF-A0E8-A253E5766CEF}.Debug|Any CPU.ActiveCfg = Debug|Any CPU
		{2C6A63FF-520A-4EEF-A0E8-A253E5766CEF}.Debug|Any CPU.Build.0 = Debug|Any CPU
		{2C6A63FF-520A-4EEF-A0E8-A253E5766CEF}.Release|Any CPU.ActiveCfg = Release|Any CPU
		{2C6A63FF-520A-4EEF-A0E8-A253E5766CEF}.Release|Any CPU.Build.0 = Release|Any CPU
		{43D6066F-D86C-4967-8AF3-76D9C5489B2E}.Debug|Any CPU.ActiveCfg = Debug|Any CPU
		{43D6066F-D86C-4967-8AF3-76D9C5489B2E}.Debug|Any CPU.Build.0 = Debug|Any CPU
		{43D6066F-D86C-4967-8AF3-76D9C5489B2E}.Release|Any CPU.ActiveCfg = Release|Any CPU
		{43D6066F-D86C-4967-8AF3-76D9C5489B2E}.Release|Any CPU.Build.0 = Release|Any CPU
	EndGlobalSection
	GlobalSection(SolutionProperties) = preSolution
		HideSolutionNode = FALSE
	EndGlobalSection
	GlobalSection(ExtensibilityGlobals) = postSolution
		SolutionGuid = {3E74C11F-35A3-4F28-B01D-0C13B18352F7}
	EndGlobalSection
EndGlobal
