
Microsoft Visual Studio Solution File, Format Version 12.00
# Visual Studio 14
VisualStudioVersion = 14.0.25420.1
MinimumVisualStudioVersion = 10.0.40219.1
Project("{FAE04EC0-301F-11D3-BF4B-00C04F79EFBC}") = "JeuCalculMetier", "JeuCalculMetier\JeuCalculMetier.csproj", "{33F52B7B-36A7-4FB5-854F-0280869BACBC}"
EndProject
Project("{FAE04EC0-301F-11D3-BF4B-00C04F79EFBC}") = "JeuCalculConsole", "JeuCalculConsole\JeuCalculConsole.csproj", "{A4EE1F1A-0B07-422B-82E3-D02879C3D77B}"
EndProject
Global
	GlobalSection(SolutionConfigurationPlatforms) = preSolution
		Debug|Any CPU = Debug|Any CPU
		Release|Any CPU = Release|Any CPU
	EndGlobalSection
	GlobalSection(ProjectConfigurationPlatforms) = postSolution
		{33F52B7B-36A7-4FB5-854F-0280869BACBC}.Debug|Any CPU.ActiveCfg = Debug|Any CPU
		{33F52B7B-36A7-4FB5-854F-0280869BACBC}.Debug|Any CPU.Build.0 = Debug|Any CPU
		{33F52B7B-36A7-4FB5-854F-0280869BACBC}.Release|Any CPU.ActiveCfg = Release|Any CPU
		{33F52B7B-36A7-4FB5-854F-0280869BACBC}.Release|Any CPU.Build.0 = Release|Any CPU
		{A4EE1F1A-0B07-422B-82E3-D02879C3D77B}.Debug|Any CPU.ActiveCfg = Debug|Any CPU
		{A4EE1F1A-0B07-422B-82E3-D02879C3D77B}.Debug|Any CPU.Build.0 = Debug|Any CPU
		{A4EE1F1A-0B07-422B-82E3-D02879C3D77B}.Release|Any CPU.ActiveCfg = Release|Any CPU
		{A4EE1F1A-0B07-422B-82E3-D02879C3D77B}.Release|Any CPU.Build.0 = Release|Any CPU
	EndGlobalSection
	GlobalSection(SolutionProperties) = preSolution
		HideSolutionNode = FALSE
	EndGlobalSection
EndGlobal
